
Microsoft Visual Studio Solution File, Format Version 12.00
# Visual Studio Version 17
VisualStudioVersion = 17.4.33403.182
MinimumVisualStudioVersion = 10.0.40219.1
Project("{8BC9CEB8-8B4A-11D0-8D11-00A0C91BC942}") = "OS_LAB_2", "OS_LAB_2\OS_LAB_2.vcxproj", "{E9EE7974-090D-4583-B8DF-2D422D66E302}"
EndProject
Global
	GlobalSection(SolutionConfigurationPlatforms) = preSolution
		Debug|x64 = Debug|x64
		Debug|x86 = Debug|x86
		Release|x64 = Release|x64
		Release|x86 = Release|x86
	EndGlobalSection
	GlobalSection(ProjectConfigurationPlatforms) = postSolution
		{E9EE7974-090D-4583-B8DF-2D422D66E302}.Debug|x64.ActiveCfg = Debug|x64
		{E9EE7974-090D-4583-B8DF-2D422D66E302}.Debug|x64.Build.0 = Debug|x64
		{E9EE7974-090D-4583-B8DF-2D422D66E302}.Debug|x86.ActiveCfg = Debug|Win32
		{E9EE7974-090D-4583-B8DF-2D422D66E302}.Debug|x86.Build.0 = Debug|Win32
		{E9EE7974-090D-4583-B8DF-2D422D66E302}.Release|x64.ActiveCfg = Release|x64
		{E9EE7974-090D-4583-B8DF-2D422D66E302}.Release|x64.Build.0 = Release|x64
		{E9EE7974-090D-4583-B8DF-2D422D66E302}.Release|x86.ActiveCfg = Release|Win32
		{E9EE7974-090D-4583-B8DF-2D422D66E302}.Release|x86.Build.0 = Release|Win32
	EndGlobalSection
	GlobalSection(SolutionProperties) = preSolution
		HideSolutionNode = FALSE
	EndGlobalSection
	GlobalSection(ExtensibilityGlobals) = postSolution
		SolutionGuid = {2A5C20D0-D27E-4765-BAE6-964FD4A99A45}
	EndGlobalSection
EndGlobal
